
Microsoft Visual Studio Solution File, Format Version 12.00
# Visual Studio Version 16
VisualStudioVersion = 16.0.37206.5
MinimumVisualStudioVersion = 10.0.40219.1
Project("{FAE04EC0-301F-11D3-BF4B-00C04F79EFBC}") = "SistemaFacturacionUI", "SistemaFacturacionUI.csproj", "{37871D8B-89FA-4E8D-95C1-FA00C1FABE06}"
EndProject
Global
	GlobalSection(SolutionConfigurationPlatforms) = preSolution
		Debug|Any CPU = Debug|Any CPU
		Release|Any CPU = Release|Any CPU
	EndGlobalSection
	GlobalSection(ProjectConfigurationPlatforms) = postSolution
		{37871D8B-89FA-4E8D-95C1-FA00C1FABE06}.Debug|Any CPU.ActiveCfg = Debug|Any CPU
		{37871D8B-89FA-4E8D-95C1-FA00C1FABE06}.Debug|Any CPU.Build.0 = Debug|Any CPU
		{37871D8B-89FA-4E8D-95C1-FA00C1FABE06}.Release|Any CPU.ActiveCfg = Release|Any CPU
		{37871D8B-89FA-4E8D-95C1-FA00C1FABE06}.Release|Any CPU.Build.0 = Release|Any CPU
	EndGlobalSection
	GlobalSection(SolutionProperties) = preSolution
		HideSolutionNode = FALSE
	EndGlobalSection
	GlobalSection(ExtensibilityGlobals) = postSolution
		SolutionGuid = {A32F3B3F-2557-45F2-98BF-3020584AEEEA}
	EndGlobalSection
EndGlobal
